{
  "version": "4",
  "redirects": {
    "https://esm.sh/deepmerge@^4.2.2?target=denonext": "https://esm.sh/deepmerge@4.3.1?target=denonext",
    "https://esm.sh/dom-serializer@^1.0.1?target=denonext": "https://esm.sh/dom-serializer@1.4.1?target=denonext",
    "https://esm.sh/domelementtype@^2.0.1?target=denonext": "https://esm.sh/domelementtype@2.3.0?target=denonext",
    "https://esm.sh/domelementtype@^2.2.0?target=denonext": "https://esm.sh/domelementtype@2.3.0?target=denonext",
    "https://esm.sh/domhandler@^4.0.0?target=denonext": "https://esm.sh/domhandler@4.3.1?target=denonext",
    "https://esm.sh/domhandler@^4.2.0?target=denonext": "https://esm.sh/domhandler@4.3.1?target=denonext",
    "https://esm.sh/domutils@^2.5.2?target=denonext": "https://esm.sh/domutils@2.8.0?target=denonext",
    "https://esm.sh/entities@^2.0.0/lib/decode_codepoint?target=denonext": "https://esm.sh/entities@2.2.0/lib/decode_codepoint?target=denonext",
    "https://esm.sh/entities@^2.0.0/lib/maps/entities.json?module": "https://esm.sh/entities@2.2.0/lib/maps/entities.json?module",
    "https://esm.sh/entities@^2.0.0/lib/maps/legacy.json?module": "https://esm.sh/entities@2.2.0/lib/maps/legacy.json?module",
    "https://esm.sh/entities@^2.0.0/lib/maps/xml.json?module": "https://esm.sh/entities@2.2.0/lib/maps/xml.json?module",
    "https://esm.sh/entities@^2.0.0?target=denonext": "https://esm.sh/entities@2.2.0?target=denonext",
    "https://esm.sh/escape-string-regexp@^4.0.0?target=denonext": "https://esm.sh/escape-string-regexp@4.0.0?target=denonext",
    "https://esm.sh/htmlparser2@^6.0.0?target=denonext": "https://esm.sh/htmlparser2@6.1.0?target=denonext",
    "https://esm.sh/nanoid@^3.3.8/non-secure?target=denonext": "https://esm.sh/nanoid@3.3.8/non-secure?target=denonext",
    "https://esm.sh/parse-srcset@^1.0.2?target=denonext": "https://esm.sh/parse-srcset@1.0.2?target=denonext",
    "https://esm.sh/picocolors@^1.1.1?target=denonext": "https://esm.sh/picocolors@1.1.1?target=denonext",
    "https://esm.sh/postcss@^8.3.11?target=denonext": "https://esm.sh/postcss@8.5.1?target=denonext",
    "https://esm.sh/source-map-js@^1.2.1?target=denonext": "https://esm.sh/source-map-js@1.2.1?target=denonext",
    "https://esm.sh/style-vendorizer@^2.0.0?target=denonext": "https://esm.sh/style-vendorizer@2.2.3?target=denonext"
  },
  "remote": {
    "https://deno.land/std@0.140.0/_util/assert.ts": "e94f2eb37cebd7f199952e242c77654e43333c1ac4c5c700e929ea3aa5489f74",
    "https://deno.land/std@0.140.0/_util/os.ts": "3b4c6e27febd119d36a416d7a97bd3b0251b77c88942c8f16ee5953ea13e2e49",
    "https://deno.land/std@0.140.0/fs/_util.ts": "0fb24eb4bfebc2c194fb1afdb42b9c3dda12e368f43e8f2321f84fc77d42cb0f",
    "https://deno.land/std@0.140.0/fs/ensure_dir.ts": "9dc109c27df4098b9fc12d949612ae5c9c7169507660dcf9ad90631833209d9d",
    "https://deno.land/std@0.140.0/fs/expand_glob.ts": "0c10130d67c9b02164b03df8e43c6d6defbf8e395cb69d09e84a8586e6d72ac3",
    "https://deno.land/std@0.140.0/fs/walk.ts": "117403ccd21fd322febe56ba06053b1ad5064c802170f19b1ea43214088fe95f",
    "https://deno.land/std@0.140.0/path/_constants.ts": "df1db3ffa6dd6d1252cc9617e5d72165cd2483df90e93833e13580687b6083c3",
    "https://deno.land/std@0.140.0/path/_interface.ts": "ee3b431a336b80cf445441109d089b70d87d5e248f4f90ff906820889ecf8d09",
    "https://deno.land/std@0.140.0/path/_util.ts": "c1e9686d0164e29f7d880b2158971d805b6e0efc3110d0b3e24e4b8af2190d2b",
    "https://deno.land/std@0.140.0/path/common.ts": "bee563630abd2d97f99d83c96c2fa0cca7cee103e8cb4e7699ec4d5db7bd2633",
    "https://deno.land/std@0.140.0/path/glob.ts": "cb5255638de1048973c3e69e420c77dc04f75755524cb3b2e160fe9277d939ee",
    "https://deno.land/std@0.140.0/path/mod.ts": "d3e68d0abb393fb0bf94a6d07c46ec31dc755b544b13144dee931d8d5f06a52d",
    "https://deno.land/std@0.140.0/path/posix.ts": "293cdaec3ecccec0a9cc2b534302dfe308adb6f10861fa183275d6695faace44",
    "https://deno.land/std@0.140.0/path/separator.ts": "fe1816cb765a8068afb3e8f13ad272351c85cbc739af56dacfc7d93d710fe0f9",
    "https://deno.land/std@0.140.0/path/win32.ts": "31811536855e19ba37a999cd8d1b62078235548d67902ece4aa6b814596dd757",
    "https://deno.land/std@0.150.0/_util/assert.ts": "e94f2eb37cebd7f199952e242c77654e43333c1ac4c5c700e929ea3aa5489f74",
    "https://deno.land/std@0.150.0/_util/os.ts": "3b4c6e27febd119d36a416d7a97bd3b0251b77c88942c8f16ee5953ea13e2e49",
    "https://deno.land/std@0.150.0/async/abortable.ts": "87aa7230be8360c24ad437212311c9e8d4328854baec27b4c7abb26e85515c06",
    "https://deno.land/std@0.150.0/async/deadline.ts": "48ac998d7564969f3e6ec6b6f9bf0217ebd00239b1b2292feba61272d5dd58d0",
    "https://deno.land/std@0.150.0/async/debounce.ts": "564273ef242bcfcda19a439132f940db8694173abffc159ea34f07d18fc42620",
    "https://deno.land/std@0.150.0/async/deferred.ts": "bc18e28108252c9f67dfca2bbc4587c3cbf3aeb6e155f8c864ca8ecff992b98a",
    "https://deno.land/std@0.150.0/async/delay.ts": "cbbdf1c87d1aed8edc7bae13592fb3e27e3106e0748f089c263390d4f49e5f6c",
    "https://deno.land/std@0.150.0/async/mod.ts": "9852cd8ed897ab2d41a8fbee611d574e97898327db5c19d9d58e41126473f02c",
    "https://deno.land/std@0.150.0/async/mux_async_iterator.ts": "5b4aca6781ad0f2e19ccdf1d1a1c092ccd3e00d52050d9c27c772658c8367256",
    "https://deno.land/std@0.150.0/async/pool.ts": "ef9eb97b388543acbf0ac32647121e4dbe629236899586c4d4311a8770fbb239",
    "https://deno.land/std@0.150.0/async/tee.ts": "bcfae0017ebb718cf4eef9e2420e8675d91cb1bcc0ed9b668681af6e6caad846",
    "https://deno.land/std@0.150.0/bytes/bytes_list.ts": "aba5e2369e77d426b10af1de0dcc4531acecec27f9b9056f4f7bfbf8ac147ab4",
    "https://deno.land/std@0.150.0/bytes/equals.ts": "3c3558c3ae85526f84510aa2b48ab2ad7bdd899e2e0f5b7a8ffc85acb3a6043a",
    "https://deno.land/std@0.150.0/bytes/mod.ts": "763f97d33051cc3f28af1a688dfe2830841192a9fea0cbaa55f927b49d49d0bf",
    "https://deno.land/std@0.150.0/encoding/_yaml/dumper/dumper.ts": "51998d88c46f2720bf6c2d16416873a0501f69ea8648faf270cba41ad54a5580",
    "https://deno.land/std@0.150.0/encoding/_yaml/dumper/dumper_state.ts": "3c1bc8519c1832f0f136856881b97f0b42f64b7968767dbc36b8b0b6cae963dc",
    "https://deno.land/std@0.150.0/encoding/_yaml/error.ts": "6ca899f6d86c6979bce6d7c3a6a8e2a360b09d8b0f55d2e649bd1233604fb7c9",
    "https://deno.land/std@0.150.0/encoding/_yaml/loader/loader.ts": "525bd770f4b4def0465bb134a7b2ac9ab024f439990b60b6188278803c4615b8",
    "https://deno.land/std@0.150.0/encoding/_yaml/loader/loader_state.ts": "59124e56d864274ce4043dca8bf63e937c6e960e4ad120465e424b38f3469b2d",
    "https://deno.land/std@0.150.0/encoding/_yaml/mark.ts": "7f67f43755b2602fefe52012eb3ab627880da97edd0f6c00f916ceb2ddb1b5d1",
    "https://deno.land/std@0.150.0/encoding/_yaml/parse.ts": "8f362dc01401099263d73a4bfa00bc90ea456d202507d62a11dfcfeac74484f5",
    "https://deno.land/std@0.150.0/encoding/_yaml/schema.ts": "83717fbf829f1caba84ff02e468c8792c47491fd202b1d95776ed0d8f58ea559",
    "https://deno.land/std@0.150.0/encoding/_yaml/schema/core.ts": "bcb47a389d596369fbfccf73a6b221ac3ca5440149b4f6df1e707f2efc6854ef",
    "https://deno.land/std@0.150.0/encoding/_yaml/schema/default.ts": "8b6bd9cb1cab07a3397e1cc3843edba6ad40d1bd15687c1f56cd977da834d984",
    "https://deno.land/std@0.150.0/encoding/_yaml/schema/extended.ts": "5e0bfd9a28c7a82ba40fc7ff7890df7469ec85390320349974acbc627ae1be88",
    "https://deno.land/std@0.150.0/encoding/_yaml/schema/failsafe.ts": "7254a9ca0dff8f30377098622812e55c4535aaf352fecb4ec51939e596bd74e7",
    "https://deno.land/std@0.150.0/encoding/_yaml/schema/json.ts": "2205d0d3d3377de56f92ac0f4a82bf561ea0d7b86eb195c9f0c32c7c7871d78f",
    "https://deno.land/std@0.150.0/encoding/_yaml/schema/mod.ts": "6769df6082aceee9849f71168f4353ba4f92e4a2a5a429a422debac13a593d4e",
    "https://deno.land/std@0.150.0/encoding/_yaml/state.ts": "374b8dc170417beccb364e543b25eef73576196f4a526836bb3a621b87a204a3",
    "https://deno.land/std@0.150.0/encoding/_yaml/stringify.ts": "ec15035c1928f96f4e42c0a0e9f3082512e294fd6b8ff6a0403a3ee9282f69aa",
    "https://deno.land/std@0.150.0/encoding/_yaml/type.ts": "95ad0cdbab49343b1527ebc7762c477726c34702438375be6781b44e03e9fcfc",
    "https://deno.land/std@0.150.0/encoding/_yaml/type/binary.ts": "8ae1bdeebe090133b1d1e1ef8427d5ea03f8b6f8944bd2eca578c81330700b0a",
    "https://deno.land/std@0.150.0/encoding/_yaml/type/bool.ts": "95c030531adc3d66a59979dc25c2fcdeb1f58ae40a91d6f9e9a537af0fd2b5a4",
    "https://deno.land/std@0.150.0/encoding/_yaml/type/float.ts": "0c39a6a3bb7cd90178c5bcdeb73a7b6865482db5b8b0495883289a8bc2d541fb",
    "https://deno.land/std@0.150.0/encoding/_yaml/type/function.ts": "b5642dda5ef8d47c0325a2b89a022cbce3be45ba21f8c4f9202364d967c6b3e5",
    "https://deno.land/std@0.150.0/encoding/_yaml/type/int.ts": "7197cba96ad8ad3c596ca34a364dacdf91ef396c462c6c2daecbdec056353f3d",
    "https://deno.land/std@0.150.0/encoding/_yaml/type/map.ts": "78bf5447d2e3f79d59bf7cb63a76ca7797854a0d8e2154c6fd35775c4e5c8c61",
    "https://deno.land/std@0.150.0/encoding/_yaml/type/merge.ts": "094b272e6087c6aef39cd9617fa6603ec934e507faad6c276d293e2734f9b083",
    "https://deno.land/std@0.150.0/encoding/_yaml/type/mod.ts": "b2f267dc0b0296cf8f6109aa129e2cf6d1e1f8c59f8903f0330c18749eca2d3c",
    "https://deno.land/std@0.150.0/encoding/_yaml/type/nil.ts": "1988843acab56e99e883cd047c40cc7fb799b6d335f541f022ae3b914abcbe35",
    "https://deno.land/std@0.150.0/encoding/_yaml/type/omap.ts": "fd3f2f9a8ae634996da84d021353ac8bf4b41e714f2711159d756d0e2f3aabd1",
    "https://deno.land/std@0.150.0/encoding/_yaml/type/pairs.ts": "90736f87b6e39a144205a235d8851f7bebf6bb3835fd03742c30253d5ecd7ec5",
    "https://deno.land/std@0.150.0/encoding/_yaml/type/regexp.ts": "a9e70491fa7ede8689b933d81142aa7635a253733a4df626bd479c55cb64222e",
    "https://deno.land/std@0.150.0/encoding/_yaml/type/seq.ts": "135f37a1b6dcb3688bc0dad0c9dc3a04370b1fc94267960586ea23877ffd3088",
    "https://deno.land/std@0.150.0/encoding/_yaml/type/set.ts": "2937ac0e1ce8c121a4009e74568e341e2a380fdb5f41f16050ce2ca7537b2bd8",
    "https://deno.land/std@0.150.0/encoding/_yaml/type/str.ts": "6420d3a0099d9fbc35861241b7dad65b800ff3909efe71ab71c895326187ab8d",
    "https://deno.land/std@0.150.0/encoding/_yaml/type/timestamp.ts": "3db0667dd9bdc3b3f0e8596fff023e87bc9fca230a545bb67d0bf3b732c1c656",
    "https://deno.land/std@0.150.0/encoding/_yaml/type/undefined.ts": "5b595082d064cf50a3345f5fdda8c02beb0768e9d97d4bd4c53ac81a9f94e185",
    "https://deno.land/std@0.150.0/encoding/_yaml/utils.ts": "c7e6bf055b08fffe700c7cbdfa2939cab7b9676ff75b6dc98d72d41b3b173d37",
    "https://deno.land/std@0.150.0/encoding/front_matter.ts": "126d5b3045f0f1d0e77da0d33a484f6cd26d9ab68a768676b536d2fc2470f94a",
    "https://deno.land/std@0.150.0/encoding/yaml.ts": "6760095814791325684cd146d10d49eef32bc4328a0516bf88fac9dc2cffa423",
    "https://deno.land/std@0.150.0/flags/mod.ts": "594472736e24b2f2afd3451cf7ccd58a21706ce91006478a544fdfa056c69697",
    "https://deno.land/std@0.150.0/fs/_util.ts": "2cf50bfb1081c2d5f2efec10ac19abbc2baf478e51cd1b057d0da2f30585b6ba",
    "https://deno.land/std@0.150.0/fs/walk.ts": "6ce8d87fbaeda23383e979599ad27f3f94b3e5ff0c0cd976b5fc5c2aa0df7d92",
    "https://deno.land/std@0.150.0/http/http_status.ts": "897575a7d6bc2b9123f6a38ecbc0f03d95a532c5d92029315dc9f508e12526b8",
    "https://deno.land/std@0.150.0/http/server.ts": "0b0a9f3abfcfecead944b31ee9098a0c11a59b0495bf873ee200eb80e7441483",
    "https://deno.land/std@0.150.0/io/buffer.ts": "bd0c4bf53db4b4be916ca5963e454bddfd3fcd45039041ea161dbf826817822b",
    "https://deno.land/std@0.150.0/media_types/_util.ts": "ce9b4fc4ba1c447dafab619055e20fd88236ca6bdd7834a21f98bd193c3fbfa1",
    "https://deno.land/std@0.150.0/media_types/mod.ts": "2d4b6f32a087029272dc59e0a55ae3cc4d1b27b794ccf528e94b1925795b3118",
    "https://deno.land/std@0.150.0/media_types/vendor/mime-db.v1.52.0.ts": "724cee25fa40f1a52d3937d6b4fbbfdd7791ff55e1b7ac08d9319d5632c7f5af",
    "https://deno.land/std@0.150.0/path/_constants.ts": "df1db3ffa6dd6d1252cc9617e5d72165cd2483df90e93833e13580687b6083c3",
    "https://deno.land/std@0.150.0/path/_interface.ts": "ee3b431a336b80cf445441109d089b70d87d5e248f4f90ff906820889ecf8d09",
    "https://deno.land/std@0.150.0/path/_util.ts": "c1e9686d0164e29f7d880b2158971d805b6e0efc3110d0b3e24e4b8af2190d2b",
    "https://deno.land/std@0.150.0/path/common.ts": "bee563630abd2d97f99d83c96c2fa0cca7cee103e8cb4e7699ec4d5db7bd2633",
    "https://deno.land/std@0.150.0/path/glob.ts": "cb5255638de1048973c3e69e420c77dc04f75755524cb3b2e160fe9277d939ee",
    "https://deno.land/std@0.150.0/path/mod.ts": "4945b430b759b0b3d98f2a278542cbcf95e0ad2bd8eaaed3c67322b306b2b346",
    "https://deno.land/std@0.150.0/path/posix.ts": "c1f7afe274290ea0b51da07ee205653b2964bd74909a82deb07b69a6cc383aaa",
    "https://deno.land/std@0.150.0/path/separator.ts": "fe1816cb765a8068afb3e8f13ad272351c85cbc739af56dacfc7d93d710fe0f9",
    "https://deno.land/std@0.150.0/path/win32.ts": "bd7549042e37879c68ff2f8576a25950abbfca1d696d41d82c7bca0b7e6f452c",
    "https://deno.land/std@0.150.0/semver/mod.ts": "4a5195fa81b4aede8875a386550a1119f01fb58d74aea899b2cfb136c05a7310",
    "https://deno.land/x/code_block_writer@11.0.3/mod.ts": "2c3448060e47c9d08604c8f40dee34343f553f33edcdfebbf648442be33205e5",
    "https://deno.land/x/code_block_writer@11.0.3/utils/string_utils.ts": "60cb4ec8bd335bf241ef785ccec51e809d576ff8e8d29da43d2273b69ce2a6ff",
    "https://deno.land/x/denoflate@1.2.1/mod.ts": "f5628e44b80b3d80ed525afa2ba0f12408e3849db817d47a883b801f9ce69dd6",
    "https://deno.land/x/denoflate@1.2.1/pkg/denoflate.js": "b9f9ad9457d3f12f28b1fb35c555f57443427f74decb403113d67364e4f2caf4",
    "https://deno.land/x/denoflate@1.2.1/pkg/denoflate_bg.wasm.js": "d581956245407a2115a3d7e8d85a9641c032940a8e810acbd59ca86afd34d44d",
    "https://deno.land/x/emoji@0.1.2/all.ts": "f308ed6af940c3df7436a80dc8d016c3dcc16c3890a12724cf7e043a9e489a29",
    "https://deno.land/x/emoji@0.1.2/emoji.ts": "e6aa205846a805bca29466d82d24476c9e8aecbee0e477b845d332786c2b1770",
    "https://deno.land/x/emoji@0.1.2/mod.ts": "e466029cda15415de960c53797b739e3034d9e56774895b34a534e054e6f4076",
    "https://deno.land/x/emoji@0.1.2/unicode.ts": "ac8079e8e1da66ae9e601c1fdd0e7641120c2b07ca7bd2875e65fe23e16e6199",
    "https://deno.land/x/esbuild@v0.14.51/mod.js": "7432566c71fac77637822dc230319c7392a2d2fef51204c9d12c956d7093c279",
    "https://deno.land/x/esbuild@v0.14.51/wasm.js": "afc1b6927543b664af60ce452c4929e5dc2bb9a0f4ed47b446a6431847c7598e",
    "https://deno.land/x/esbuild_deno_loader@0.5.2/deps.ts": "bf83c27b7787b2f245fa0bc0b99f5041aa949c000a81c016cfe828d06b476d37",
    "https://deno.land/x/esbuild_deno_loader@0.5.2/mod.ts": "bc111a68f323dbdb6edec68dd558ab732b27866d2ef304708872d763387b65d7",
    "https://deno.land/x/esbuild_deno_loader@0.5.2/src/deno.ts": "0e83ccabbe2b004389288e38df2031b79eb347df2d139fce9394d8e88a11f259",
    "https://deno.land/x/esbuild_deno_loader@0.5.2/src/native_loader.ts": "343854a566cf510cf25144f7c09fc0c1097780a31830305142a075d12bb697ba",
    "https://deno.land/x/esbuild_deno_loader@0.5.2/src/portable_loader.ts": "35b6c526eed8c2c781a3256b23c30aa7cce69c0ef1d583c15528663287ba18a3",
    "https://deno.land/x/esbuild_deno_loader@0.5.2/src/shared.ts": "b64749cd8c0f6252a11498bd8758ef1220003e46b2c9b68e16da63fd7e92b13a",
    "https://deno.land/x/fresh@1.1.1/dev.ts": "a66c7d64be35bcd6a8e12eec9c27ae335044c70363a241f2e36ee776db468622",
    "https://deno.land/x/fresh@1.1.1/plugins/twind.ts": "3f29487d8ee31ba1a17ced29afb5e8d480b9efa8f67d61327dbf50a3ebbaddb6",
    "https://deno.land/x/fresh@1.1.1/plugins/twind/shared.ts": "023e0ffcd66668753b5049edab0de46e6d66194fb6026c679034b9bbf04ad6f3",
    "https://deno.land/x/fresh@1.1.1/runtime.ts": "b02ec1e2e32cf73a33d262b7c9dcab9468ce16cd89fd424196c71003698a4ab0",
    "https://deno.land/x/fresh@1.1.1/server.ts": "f379c9aad24471a71e58fb887fa57e5cc27ad9df035987eb260541c78df38e84",
    "https://deno.land/x/fresh@1.1.1/src/dev/deps.ts": "de5470828c17839c0b52c328e6709f3477740b9800deaf724d6569b64b1d3872",
    "https://deno.land/x/fresh@1.1.1/src/dev/error.ts": "21a38d240c00279662e6adde41367f1da0ae7e2836d993f818ea94aabab53e7b",
    "https://deno.land/x/fresh@1.1.1/src/dev/mod.ts": "f5836b2eccd0efd7c0a726a121f174a974daefc22058f759f07d4df56c46e978",
    "https://deno.land/x/fresh@1.1.1/src/runtime/csp.ts": "9ee900e9b0b786057b1009da5976298c202d1b86d1f1e4d2510bde5f06530ac9",
    "https://deno.land/x/fresh@1.1.1/src/runtime/head.ts": "0f9932874497ab6e57ed1ba01d549e843523df4a5d36ef97460e7a43e3132fdc",
    "https://deno.land/x/fresh@1.1.1/src/runtime/utils.ts": "8320a874a44bdd5905c7d4b87a0e7a14a6c50a2ed133800e72ae57341e4d4faa",
    "https://deno.land/x/fresh@1.1.1/src/server/bundle.ts": "f529a54ea5e078b9bd94c64c2ad345a3ba763b39c25b6e61f90629bdfa39c2ff",
    "https://deno.land/x/fresh@1.1.1/src/server/constants.ts": "ad10dda1bc20c25c2926f6a8cfd79ef4368d70b4b03a645f65c04b3fa7d93a8c",
    "https://deno.land/x/fresh@1.1.1/src/server/context.ts": "b385b982de2e5ee6e543dd56aad0e88f8f8fe5d9497909cf16caaf23b4d88b62",
    "https://deno.land/x/fresh@1.1.1/src/server/default_error_page.ts": "1155ac98b3729bf2e51be730af507e431db0ee43ac84c86f1c022a831b310106",
    "https://deno.land/x/fresh@1.1.1/src/server/deps.ts": "1c4e05b7d6e4eecc0012c9ec30ee587d8f533ab67c2bcb59048ed5f76841a770",
    "https://deno.land/x/fresh@1.1.1/src/server/htmlescape.ts": "834ac7d0caa9fc38dffd9b8613fb47aeecd4f22d5d70c51d4b20a310c085835c",
    "https://deno.land/x/fresh@1.1.1/src/server/mod.ts": "72d213444334dd2e94c757a0eee0fc486c0919399ea9184d07ad042f34edd00d",
    "https://deno.land/x/fresh@1.1.1/src/server/render.ts": "6f50707bd1f6e33ed84bb71ae3b0996d202b953cefc4285f5356524c7b21f01f",
    "https://deno.land/x/fresh@1.1.1/src/server/types.ts": "dde992ab4ee635df71a7fc96fe4cd85943c1a9286ea8eb586563d5f5ca154955",
    "https://deno.land/x/gfm@0.1.25/deps.ts": "40d2c2846d5f2a92cc81401099f39f26fc541af000a01ac0dede689646843365",
    "https://deno.land/x/gfm@0.1.25/mod.ts": "f3f0129494f885b2a226d737c1d04855c5cff8ec27b796422c4a2e7d688b3a3c",
    "https://deno.land/x/gfm@0.1.25/style.js": "f367db88b78a409bbb4f220ba5cf22fca0ce000692d02dad5d45cdbc6c70c3d4",
    "https://deno.land/x/importmap@0.2.1/_util.ts": "ada9a9618b537e6c0316c048a898352396c882b9f2de38aba18fd3f2950ede89",
    "https://deno.land/x/importmap@0.2.1/mod.ts": "ae3d1cd7eabd18c01a4960d57db471126b020f23b37ef14e1359bbb949227ade",
    "https://deno.land/x/rutt@0.0.13/mod.ts": "af981cfb95131152bf50fc9140fc00cb3efb6563df2eded1d408361d8577df20",
    "https://deno.land/x/ts_morph@16.0.0/common/DenoRuntime.ts": "537800e840d0994f9055164e11bf33eadf96419246af0d3c453793c3ae67bdb3",
    "https://deno.land/x/ts_morph@16.0.0/common/mod.ts": "01985d2ee7da8d1caee318a9d07664774fbee4e31602bc2bb6bb62c3489555ed",
    "https://deno.land/x/ts_morph@16.0.0/common/ts_morph_common.js": "7d908bf4f416aa96de956dc11ecc83b585bed297e16418d496ca04a3481067e0",
    "https://deno.land/x/ts_morph@16.0.0/common/typescript.js": "5c59651248a4c41b25fa7beee8e0d0d0fab5f439fa72d478e65abd8241aa533c",
    "https://deno.land/x/ts_morph@16.0.0/mod.ts": "adba9b82f24865d15d2c78ef6074b9a7457011719056c9928c800f130a617c93",
    "https://deno.land/x/ts_morph@16.0.0/ts_morph.js": "9fc0f3d6a3997c2df023fabc4e529d2117d214ffd4fd04247ca2f56c4e9cd470",
    "https://esm.sh/*preact-render-to-string@5.2.3": "b7081aa361f6f6656ea4fb08e305b83add25c0b12e6149c2fe32c3a482aebeaa",
    "https://esm.sh/*preact-render-to-string@5.2.3/denonext/preact-render-to-string.mjs": "5a34057c992c955f9a7eb03ff058abe654c79b2c2a05416dc477a413fba2813d",
    "https://esm.sh/deepmerge@4.3.1/denonext/deepmerge.mjs": "1f448aaa83a52514faecb2edc02eb766c9eb10b935b9ac4c1c2a877a0bb56b80",
    "https://esm.sh/deepmerge@4.3.1?target=denonext": "a8faef33b536441a2c63f8c967d160848eb1f898a8e83a35a9f0623ecd9063d3",
    "https://esm.sh/dom-serializer@1.4.1/denonext/dom-serializer.mjs": "6afe40853b4468ccc9aa8cfe19e4a620f5d6d659deaaf8fe1978a78861d6dd97",
    "https://esm.sh/dom-serializer@1.4.1?target=denonext": "0e9f0b638ed1b288844bb51781f455f4b7c10fa1053f3be8497bcea468bdaa87",
    "https://esm.sh/domelementtype@2.3.0/denonext/domelementtype.mjs": "4f3b57348729cd517560139eb1969ca2fe9cc58c5188abe56e7336d5cb557cc0",
    "https://esm.sh/domelementtype@2.3.0?target=denonext": "2beb2a1e3d18892a9b00ef9528811b93f613a77d2b6fb25376ec0f109ac48a4f",
    "https://esm.sh/domhandler@4.3.1/denonext/domhandler.mjs": "5481091367d76b467bc21860d72284458df8ba1c45845ce6c55ba0c4cdcaa723",
    "https://esm.sh/domhandler@4.3.1?target=denonext": "ac1fbcd8e2f4b35996e1e6e1b84363c94ab2838d78c170a26f32256570c31f59",
    "https://esm.sh/domutils@2.8.0/denonext/domutils.mjs": "b9f93303d4ac2c32b4e702dbb64fae86af1ff668d9bd4c7fadda2f5290e6ec39",
    "https://esm.sh/domutils@2.8.0?target=denonext": "55975fffde32fe93e7614943409c1c5e0a5b90fd584be3890130619c662451e1",
    "https://esm.sh/entities@2.2.0/denonext/entities.mjs": "8b32ea0028048845fab8d5f38d842f94cc6cde9a7c119a1c31a91a1d28df68ef",
    "https://esm.sh/entities@2.2.0/denonext/lib/decode_codepoint.mjs": "0c4191deb2f008d9061aea06bcb7ccfbac9a6a7c8a913be5739266ca025b94d6",
    "https://esm.sh/entities@2.2.0/lib/decode_codepoint?target=denonext": "fe548ed332162c0c84fa2cac2dccc413fa2f038d24ebafb72383fc825d57e1f9",
    "https://esm.sh/entities@2.2.0/lib/maps/entities.json?module": "beb583b520a74f437f8c8e8253f6d31217d2849d666827986a9229a5057108b9",
    "https://esm.sh/entities@2.2.0/lib/maps/legacy.json?module": "c74f610eadd830b6b619da006810e090ce6cd8055b091cef2cad73c75c02b17e",
    "https://esm.sh/entities@2.2.0/lib/maps/xml.json?module": "937ec2a06ad2beaeb20b3ca285dcb2775fc4db34a119354ef24dd0bc02399beb",
    "https://esm.sh/entities@2.2.0?target=denonext": "1c51d3da06cb39e0cf1075ea38b83b28ca1c9c1429d41a51c52f9693df8810ef",
    "https://esm.sh/escape-string-regexp@4.0.0/denonext/escape-string-regexp.mjs": "8b9ba1b04d86262e578b7ed6f847ab744d87f8c6fdc93d0ce4814066346f253c",
    "https://esm.sh/escape-string-regexp@4.0.0?target=denonext": "773f8560c5504d7a3d2ace5dcf985473388172a407673060a1a106d1fe10076e",
    "https://esm.sh/he@1.2.0": "bc304782debd103009d8ad8554a39142d747ad2bc3e41dd4925879611f5fd0dd",
    "https://esm.sh/he@1.2.0/denonext/he.mjs": "909418f242c58b64c65b0f18e3107395a3279a80c5521f0fc6551dbbe140ed14",
    "https://esm.sh/htmlparser2@6.1.0/denonext/htmlparser2.mjs": "fc88a1d220b5400166333e3848a8faa7752104582db887caf78a3a92edf9701c",
    "https://esm.sh/htmlparser2@6.1.0?target=denonext": "49f8fd0c8b2d7ad0295b187c7f4b6aa83910e415e1ecbb683388dded591a3bef",
    "https://esm.sh/marked@4.0.12": "8641c18c59229dbef38a454f8824ccd184fa780f44d63d11a7fc5b32678b8a52",
    "https://esm.sh/marked@4.0.12/denonext/marked.mjs": "957bafc369e183ca3980ca1aa0168b590d5de833a49c0f951ad9e9894f85850f",
    "https://esm.sh/nanoid@3.3.8/denonext/non-secure.mjs": "fddf4ab6510fe8b600cfa3fa6a38b05e275757135a156142d470fc7e544a600f",
    "https://esm.sh/nanoid@3.3.8/non-secure?target=denonext": "2c3c59d8330ed3c0444aebb4611325a49feec485e1e2c34af6971ead1d10e7d9",
    "https://esm.sh/parse-srcset@1.0.2/denonext/parse-srcset.mjs": "eaed6b50e95f4be186d52d09bdf27fc7f2cbdd18c300558b11e189db53e32c44",
    "https://esm.sh/parse-srcset@1.0.2?target=denonext": "5a5bb01aad672c419745d58be9f946481eb0458365a612725eb33761068036af",
    "https://esm.sh/picocolors@1.1.1/denonext/picocolors.mjs": "fa0033734392d8b8ad0c565338a77fa835e8b00e9ef244bf6f36570dd699ea3f",
    "https://esm.sh/picocolors@1.1.1?target=denonext": "97aaf037b1af74a20fe9f9f2beabba700924823101e86bdcd3ae2c9327376f74",
    "https://esm.sh/postcss@8.5.1/denonext/lib/at-rule.mjs": "19ba20f24357e482d62d0279062ba9ec06e4f025ab5fd81e329155d691c6e032",
    "https://esm.sh/postcss@8.5.1/denonext/lib/comment.mjs": "38b12989cac10c0e7382499b8a86b05162f6b9f2c1539a2a2ad529c852c5db90",
    "https://esm.sh/postcss@8.5.1/denonext/lib/container.mjs": "97e60be226e040e09bb4ca84aa062d06e75ac41b445fad37716596b16ecaba2d",
    "https://esm.sh/postcss@8.5.1/denonext/lib/css-syntax-error.mjs": "3dcd0105ba5257a0f6699f16157131736208a21d33c57ba84cfaf2994aab6e9e",
    "https://esm.sh/postcss@8.5.1/denonext/lib/declaration.mjs": "b3edc67e5b8872bc09efb20acc50f18298d3eef50761221d600f75992ba4515f",
    "https://esm.sh/postcss@8.5.1/denonext/lib/document.mjs": "7b990eecf6f93ce72d449aaad32ff0b7c3ab8ae50d6e531be0c3f12bb38b6613",
    "https://esm.sh/postcss@8.5.1/denonext/lib/fromJSON.mjs": "f10a41062632f5e66bee502b9428216f53e7fb4546079d24e489531fea52db93",
    "https://esm.sh/postcss@8.5.1/denonext/lib/input.mjs": "9b172cc2311297e09f6c8068a6a75060425ba0f8126216901d4c1ef895ac6052",
    "https://esm.sh/postcss@8.5.1/denonext/lib/lazy-result.mjs": "c7f22d5dfa8acc26aae56e5aa421629406b0d0d4c60f1186c0c57d63b364b5c7",
    "https://esm.sh/postcss@8.5.1/denonext/lib/list.mjs": "82a9b83f126b396d91cb6d935e4ff6d23e5b8b8da60da2cb73b8605a45202b3b",
    "https://esm.sh/postcss@8.5.1/denonext/lib/map-generator.mjs": "b48f73b34b8ccae25917b555d860a551b64311cc56fd059f2ab033a0ac0006db",
    "https://esm.sh/postcss@8.5.1/denonext/lib/no-work-result.mjs": "c65ea37fcf52c0f1ee7bf4de75479bad000b6de8cb4095b625c4a10a1ffb9f52",
    "https://esm.sh/postcss@8.5.1/denonext/lib/node.mjs": "7cd8f243ede3753091d5169ab8088d0a3370fcaab8f15ac895416498f1c66695",
    "https://esm.sh/postcss@8.5.1/denonext/lib/parse.mjs": "278afe48d435849439e48596d9df0a58c9852058a082c48371a70051e83f07c9",
    "https://esm.sh/postcss@8.5.1/denonext/lib/parser.mjs": "bf685e6cd9aa570f6cadf2de939cc69afe8e94f39de0b3a4b25feb76c96644e2",
    "https://esm.sh/postcss@8.5.1/denonext/lib/previous-map.mjs": "f7852b0574afe9bdb6e6518b33bd537fc74bd002c0ec64a9366cbf96c64dc8b4",
    "https://esm.sh/postcss@8.5.1/denonext/lib/processor.mjs": "5474b063f5d575f2038a56b97442e797064002c5ef1123d5a0b714e9718e622d",
    "https://esm.sh/postcss@8.5.1/denonext/lib/result.mjs": "edee7e43a01097007f1c796f5f44e986584bfb062d7570dea3a06fe0200577cd",
    "https://esm.sh/postcss@8.5.1/denonext/lib/root.mjs": "4a8d5e1bfc387c4a9e7c807636674375c1cdf5d2626567352ef33abf3fd48194",
    "https://esm.sh/postcss@8.5.1/denonext/lib/rule.mjs": "8b24ebd131af6bac3c9ff3fad634ed51add45412ca837fae97acaab685316457",
    "https://esm.sh/postcss@8.5.1/denonext/lib/stringifier.mjs": "43f231b376bb8d0fc03fbae4c3d2d624394ddcd8d348ebdadd32ff0b42edf9cc",
    "https://esm.sh/postcss@8.5.1/denonext/lib/stringify.mjs": "42b910ad8cdea468584a653a2101b88cbc93762f764c32880ea1ae185d012626",
    "https://esm.sh/postcss@8.5.1/denonext/lib/symbols.mjs": "192e7e34207d9c3c52506d624aad035c97438d651559360665d4e4c268c7b898",
    "https://esm.sh/postcss@8.5.1/denonext/lib/terminal-highlight.mjs": "dbf59147b6129d14abcb8fa98949da0749d7ef83c7ac64c6fa273fd3a31823a0",
    "https://esm.sh/postcss@8.5.1/denonext/lib/tokenize.mjs": "e1e5706cc284b566998abea9bf4495ef6319f9c19e423d831e9d55f17436ae47",
    "https://esm.sh/postcss@8.5.1/denonext/lib/warn-once.mjs": "5064912f57d7cafd68c6f6ed9e6f7af9348359aae5c6dce4852de6e7e28c08cb",
    "https://esm.sh/postcss@8.5.1/denonext/lib/warning.mjs": "ccd00e6f21c2b1ac713c19e8f24a0fe8ecce21fb355025e3a7d5a2c98efe4613",
    "https://esm.sh/postcss@8.5.1/denonext/postcss.mjs": "d25def962994060d9337d9483202d26c10635df2885cd72c4fc7ed5141590d7f",
    "https://esm.sh/postcss@8.5.1?target=denonext": "4e13d6c4e82f5dcf690dd7f7776af814747d62feeac4f20ab6e73a9426371453",
    "https://esm.sh/preact@10.10.6": "630ff9bd1a99ede9dcf960533679f6598a8e7fc468a3fcf8ce4b9ef4788ccc6b",
    "https://esm.sh/preact@10.10.6/denonext/hooks.mjs": "d267b3ecabb8e7a362f59a9ae256f9c230e298ab21e2fb6af3d445ee251a6e73",
    "https://esm.sh/preact@10.10.6/denonext/jsx-runtime.mjs": "d15688e99bfbb8bcc74765576843e9ba5a48c021e191fded767bf373388b395f",
    "https://esm.sh/preact@10.10.6/denonext/preact.mjs": "faed151e239af5a78b535bbef420f14da067eee75418f2dff3443d7649e879e5",
    "https://esm.sh/preact@10.10.6/hooks": "b23d94f310037e83656d9fbffce564c9af398ac3020be1e2b404ca98ddfb72e5",
    "https://esm.sh/preact@10.10.6/jsx-runtime": "2463127d183ef10113aa4de19dd6eca1a60d7a91d226cad7581f2485589c6e05",
    "https://esm.sh/prismjs@1.27.0": "7f6ded0fc99551dc2132703ab0beb6670dd99a8a09027015db80d9500e644cb3",
    "https://esm.sh/prismjs@1.27.0/denonext/prismjs.mjs": "08f96373c5e66fd6a8fd942ec82ac7540fcb1344dd0c50124650c43f1de3cc6b",
    "https://esm.sh/prismjs@1.29.0/components/prism-bash.min?no-check": "67048bba25d7dfc84435d99e5989c22b8301963556daa16f2907ef2ebfcc10f9",
    "https://esm.sh/prismjs@1.29.0/components/prism-csharp.js?no-check": "53929bb0be84b0354d59aa2392feabd4e4321c8ab88199b0562da12205c619c0",
    "https://esm.sh/prismjs@1.29.0/components/prism-diff.js?no-check": "c956fde10da291ec1c269dc97a47d34802273a3cd5c56312ff30da0f479f9ca9",
    "https://esm.sh/prismjs@1.29.0/components/prism-jsx.js?no-check": "4b63c1600f1e5e8bcd3b914e7f40f38919e802f2590521e3387e16750a42ac39",
    "https://esm.sh/prismjs@1.29.0/components/prism-python.js?no-check": "92ec8e9563798481f4d376b47d0faf18c33ae7d4c779ea7abc150ccab585490f",
    "https://esm.sh/prismjs@1.29.0/components/prism-tsx.js?no-check": "9fc047f0773d77546a98e04ce5fcb4995292f7c264af8c131d8850c614457871",
    "https://esm.sh/prismjs@1.29.0/components/prism-typescript.js?no-check": "999460db7802459f03c85134349b772f061e1be9f401a81b708b65c6061b6d9a",
    "https://esm.sh/prismjs@1.29.0/denonext/components/prism-bash.min.mjs": "0da39c4639e0740243d28e76a6d11f27c98a416be7360e62e18208dbea59a705",
    "https://esm.sh/prismjs@1.29.0/denonext/components/prism-csharp.mjs": "6ff48d8d50d66d9b8d2801992a4efe8c85c861e100788ad253425686e40c98a8",
    "https://esm.sh/prismjs@1.29.0/denonext/components/prism-diff.mjs": "20027580bc5c098a66593b6b4cebed688db6c92e351c81c343ac8e37afa74134",
    "https://esm.sh/prismjs@1.29.0/denonext/components/prism-jsx.mjs": "412618cf980e68491582c939316fb7ba06a845f74604ff2c236e6dc180c7d7c1",
    "https://esm.sh/prismjs@1.29.0/denonext/components/prism-python.mjs": "bdbb464cdb2ce1992265d3383dbce068bbb70c4743b20e5c1548a35a58dc594a",
    "https://esm.sh/prismjs@1.29.0/denonext/components/prism-tsx.mjs": "fce7b530b76111be7eaf148e2654c72d576110f07ea6e5c7902f94ac5596c31e",
    "https://esm.sh/prismjs@1.29.0/denonext/components/prism-typescript.mjs": "4839c2bcfd9e25093422c14abea00b623fb45c4280c4d00411252a3ab7a033fa",
    "https://esm.sh/sanitize-html@2.7.0": "3b5b957c3195c7a542d6bda27b7ad3d9d320a8af64cbf7cd63aed8b8d92a0678",
    "https://esm.sh/sanitize-html@2.7.0/denonext/sanitize-html.mjs": "3e69efbd4fd5cdb8f76097550386d59b2cb222d7dea561a9aab31a321822db01",
    "https://esm.sh/source-map-js@1.2.1/denonext/source-map-js.mjs": "2129223e17c258b391a47907a69c0b86d1c87cbb66eea7e9b25ff555ec0bbc7c",
    "https://esm.sh/source-map-js@1.2.1?target=denonext": "33ba5cf2ee7c1fe6b63b36c31e9075e290bc5c574055acbdc48c2f24a21d2f83",
    "https://esm.sh/style-vendorizer@2.2.3/denonext/style-vendorizer.mjs": "5201bd4a17899690af07a1f1d1de8504fb6ed401e3bd7fca4ce76598c2b3f4e6",
    "https://esm.sh/style-vendorizer@2.2.3?target=denonext": "046aa4bfbc2f2f1d624d74bde1b7d2227a5d9a00122725b711768554999fc3eb",
    "https://esm.sh/twind@0.16.17": "1e05db280ad2f2bf1fea0f3ad6c5e0cf9fae0d10775aabb36bfd2254fce69bdb",
    "https://esm.sh/twind@0.16.17/colors": "6e09f04c61b14c90925f1ace4c6a35aa40ce3c642825e60c66d20d19fa90765f",
    "https://esm.sh/twind@0.16.17/denonext/colors.mjs": "04362577f2e69c96187a02aaa9e8fb1c01a0ea5ebbe3212270351b37b65b8d10",
    "https://esm.sh/twind@0.16.17/denonext/sheets.mjs": "fb0bf7d7df78c67954130f7c5229779f7171dafc9ccfe4029cd586e4e5dfd78d",
    "https://esm.sh/twind@0.16.17/denonext/twind.mjs": "197ba8db7ec1e541cd6be404b71f770abd7ebfdbcbf04bf02c2e4c1e3fd067a8",
    "https://esm.sh/twind@0.16.17/sheets": "03d294217bcde1fbb1fb9acb3e0a587d328b65c050b280c34dc86615ef1f6a43"
  }
}
